
Microsoft Visual Studio Solution File, Format Version 12.00
# Visual Studio Version 17
VisualStudioVersion = 17.2.32616.157
MinimumVisualStudioVersion = 10.0.40219.1
Project("{FAE04EC0-301F-11D3-BF4B-00C04F79EFBC}") = "Fahrenheit-para-Ceusius", "Fahrenheit-para-Ceusius\Fahrenheit-para-Ceusius.csproj", "{ECFF4D77-11DC-490B-8EA2-51A3BAC9CCFA}"
EndProject
Global
	GlobalSection(SolutionConfigurationPlatforms) = preSolution
		Debug|Any CPU = Debug|Any CPU
		Release|Any CPU = Release|Any CPU
	EndGlobalSection
	GlobalSection(ProjectConfigurationPlatforms) = postSolution
		{ECFF4D77-11DC-490B-8EA2-51A3BAC9CCFA}.Debug|Any CPU.ActiveCfg = Debug|Any CPU
		{ECFF4D77-11DC-490B-8EA2-51A3BAC9CCFA}.Debug|Any CPU.Build.0 = Debug|Any CPU
		{ECFF4D77-11DC-490B-8EA2-51A3BAC9CCFA}.Release|Any CPU.ActiveCfg = Release|Any CPU
		{ECFF4D77-11DC-490B-8EA2-51A3BAC9CCFA}.Release|Any CPU.Build.0 = Release|Any CPU
	EndGlobalSection
	GlobalSection(SolutionProperties) = preSolution
		HideSolutionNode = FALSE
	EndGlobalSection
	GlobalSection(ExtensibilityGlobals) = postSolution
		SolutionGuid = {95994948-7CF5-4F2A-B444-6EE73E653EC9}
	EndGlobalSection
EndGlobal
